
Microsoft Visual Studio Solution File, Format Version 12.00
# Visual Studio Version 17
VisualStudioVersion = 17.0.31903.59
MinimumVisualStudioVersion = 10.0.40219.1
Project("{FAE04EC0-301F-11D3-BF4B-00C04F79EFBC}") = "AspNetCoreMVC_Assignment3", "AspNetCoreMVC_Assignment3\AspNetCoreMVC_Assignment3.csproj", "{7B1E2FF4-74E0-44F9-9B10-67702D3C9339}"
EndProject
Project("{FAE04EC0-301F-11D3-BF4B-00C04F79EFBC}") = "RookiesControllerTest", "RookiesControllerTest\RookiesControllerTest.csproj", "{8CAF7E8B-8C33-4B8F-9BA8-4B9EF75466EB}"
EndProject
Global
	GlobalSection(SolutionConfigurationPlatforms) = preSolution
		Debug|Any CPU = Debug|Any CPU
		Release|Any CPU = Release|Any CPU
	EndGlobalSection
	GlobalSection(SolutionProperties) = preSolution
		HideSolutionNode = FALSE
	EndGlobalSection
	GlobalSection(ProjectConfigurationPlatforms) = postSolution
		{7B1E2FF4-74E0-44F9-9B10-67702D3C9339}.Debug|Any CPU.ActiveCfg = Debug|Any CPU
		{7B1E2FF4-74E0-44F9-9B10-67702D3C9339}.Debug|Any CPU.Build.0 = Debug|Any CPU
		{7B1E2FF4-74E0-44F9-9B10-67702D3C9339}.Release|Any CPU.ActiveCfg = Release|Any CPU
		{7B1E2FF4-74E0-44F9-9B10-67702D3C9339}.Release|Any CPU.Build.0 = Release|Any CPU
		{8CAF7E8B-8C33-4B8F-9BA8-4B9EF75466EB}.Debug|Any CPU.ActiveCfg = Debug|Any CPU
		{8CAF7E8B-8C33-4B8F-9BA8-4B9EF75466EB}.Debug|Any CPU.Build.0 = Debug|Any CPU
		{8CAF7E8B-8C33-4B8F-9BA8-4B9EF75466EB}.Release|Any CPU.ActiveCfg = Release|Any CPU
		{8CAF7E8B-8C33-4B8F-9BA8-4B9EF75466EB}.Release|Any CPU.Build.0 = Release|Any CPU
	EndGlobalSection
EndGlobal
